
Microsoft Visual Studio Solution File, Format Version 12.00
# Visual Studio Version 16
VisualStudioVersion = 16.0.30011.22
MinimumVisualStudioVersion = 10.0.40219.1
Project("{FAE04EC0-301F-11D3-BF4B-00C04F79EFBC}") = "RefrestTokenExample", "RefrestTokenExample.csproj", "{69BA76D1-D838-4D7A-9483-9087115B8532}"
EndProject
Global
	GlobalSection(SolutionConfigurationPlatforms) = preSolution
		Debug|Any CPU = Debug|Any CPU
		Release|Any CPU = Release|Any CPU
	EndGlobalSection
	GlobalSection(ProjectConfigurationPlatforms) = postSolution
		{69BA76D1-D838-4D7A-9483-9087115B8532}.Debug|Any CPU.ActiveCfg = Debug|Any CPU
		{69BA76D1-D838-4D7A-9483-9087115B8532}.Debug|Any CPU.Build.0 = Debug|Any CPU
		{69BA76D1-D838-4D7A-9483-9087115B8532}.Release|Any CPU.ActiveCfg = Release|Any CPU
		{69BA76D1-D838-4D7A-9483-9087115B8532}.Release|Any CPU.Build.0 = Release|Any CPU
	EndGlobalSection
	GlobalSection(SolutionProperties) = preSolution
		HideSolutionNode = FALSE
	EndGlobalSection
	GlobalSection(ExtensibilityGlobals) = postSolution
		SolutionGuid = {AA6629C3-ABFE-45E0-8B7A-FB75D5ADD35E}
	EndGlobalSection
EndGlobal
